{
  "name": "webcmdjs",
  "lockfileVersion": 3,
  "requires": true,
  "packages": {
    "": {
      "dependencies": {
        "pentex-std-lib": "^1.0.15"
      }
    },
    "node_modules/pentex-std-lib": {
      "version": "1.0.15",
      "resolved": "https://registry.npmjs.org/pentex-std-lib/-/pentex-std-lib-1.0.15.tgz",
      "integrity": "sha512-Ib+cWNiHeV8dQViDLTobITClXuVSBbKyeN1l7JhehD1+OTjFGRISJUbDqr8Z602SBfhRZpax6tMQDQpvFIB2Ug=="
    }
  }
}
